// !$*UTF8*$!
{
	archiveVersion = 1;
	classes = {
	};
	objectVersion = 56;
	objects = {

/* Begin PBXBuildFile section */
		C6FEC6C22B45950800BD3BC6 /* AppDelegate.swift in Sources */ = {isa = PBXBuildFile; fileRef = C6FEC6C12B45950800BD3BC6 /* AppDelegate.swift */; };
		C6FEC6C42B45950800BD3BC6 /* SceneDelegate.swift in Sources */ = {isa = PBXBuildFile; fileRef = C6FEC6C32B45950800BD3BC6 /* SceneDelegate.swift */; };
		C6FEC6C62B45950800BD3BC6 /* ViewController.swift in Sources */ = {isa = PBXBuildFile; fileRef = C6FEC6C52B45950800BD3BC6 /* ViewController.swift */; };
		C6FEC6C92B45950800BD3BC6 /* Main.storyboard in Resources */ = {isa = PBXBuildFile; fileRef = C6FEC6C72B45950800BD3BC6 /* Main.storyboard */; };
		C6FEC6CB2B45950900BD3BC6 /* Assets.xcassets in Resources */ = {isa = PBXBuildFile; fileRef = C6FEC6CA2B45950900BD3BC6 /* Assets.xcassets */; };
		C6FEC6CE2B45950900BD3BC6 /* LaunchScreen.storyboard in Resources */ = {isa = PBXBuildFile; fileRef = C6FEC6CC2B45950900BD3BC6 /* LaunchScreen.storyboard */; };
		C6FEC6D92B45950A00BD3BC6 /* Notes_AppTests.swift in Sources */ = {isa = PBXBuildFile; fileRef = C6FEC6D82B45950A00BD3BC6 /* Notes_AppTests.swift */; };
		C6FEC6E32B45950A00BD3BC6 /* Notes_AppUITests.swift in Sources */ = {isa = PBXBuildFile; fileRef = C6FEC6E22B45950A00BD3BC6 /* Notes_AppUITests.swift */; };
		C6FEC6E52B45950A00BD3BC6 /* Notes_AppUITestsLaunchTests.swift in Sources */ = {isa = PBXBuildFile; fileRef = C6FEC6E42B45950A00BD3BC6 /* Notes_AppUITestsLaunchTests.swift */; };
		C6FEC6F32B468EB400BD3BC6 /* Alamofire in Frameworks */ = {isa = PBXBuildFile; productRef = C6FEC6F22B468EB400BD3BC6 /* Alamofire */; };
		C6FEC6F52B468F4300BD3BC6 /* NoteModel.swift in Sources */ = {isa = PBXBuildFile; fileRef = C6FEC6F42B468F4300BD3BC6 /* NoteModel.swift */; };
		C6FEC6F72B468F8100BD3BC6 /* NetworkService.swift in Sources */ = {isa = PBXBuildFile; fileRef = C6FEC6F62B468F8100BD3BC6 /* NetworkService.swift */; };
		C6FEC6F92B46C41000BD3BC6 /* NoteUpdateViewController.swift in Sources */ = {isa = PBXBuildFile; fileRef = C6FEC6F82B46C41000BD3BC6 /* NoteUpdateViewController.swift */; };
		C6FEC6FB2B47D10900BD3BC6 /* NotePrototypeCell.swift in Sources */ = {isa = PBXBuildFile; fileRef = C6FEC6FA2B47D10900BD3BC6 /* NotePrototypeCell.swift */; };
/* End PBXBuildFile section */

/* Begin PBXContainerItemProxy section */
		C6FEC6D52B45950A00BD3BC6 /* PBXContainerItemProxy */ = {
			isa = PBXContainerItemProxy;
			containerPortal = C6FEC6B62B45950800BD3BC6 /* Project object */;
			proxyType = 1;
			remoteGlobalIDString = C6FEC6BD2B45950800BD3BC6;
			remoteInfo = "Notes-App";
		};
		C6FEC6DF2B45950A00BD3BC6 /* PBXContainerItemProxy */ = {
			isa = PBXContainerItemProxy;
			containerPortal = C6FEC6B62B45950800BD3BC6 /* Project object */;
			proxyType = 1;
			remoteGlobalIDString = C6FEC6BD2B45950800BD3BC6;
			remoteInfo = "Notes-App";
		};
/* End PBXContainerItemProxy section */

/* Begin PBXFileReference section */
		C6FEC6BE2B45950800BD3BC6 /* Notes-App.app */ = {isa = PBXFileReference; explicitFileType = wrapper.application; includeInIndex = 0; path = "Notes-App.app"; sourceTree = BUILT_PRODUCTS_DIR; };
		C6FEC6C12B45950800BD3BC6 /* AppDelegate.swift */ = {isa = PBXFileReference; lastKnownFileType = sourcecode.swift; path = AppDelegate.swift; sourceTree = "<group>"; };
		C6FEC6C32B45950800BD3BC6 /* SceneDelegate.swift */ = {isa = PBXFileReference; lastKnownFileType = sourcecode.swift; path = SceneDelegate.swift; sourceTree = "<group>"; };
		C6FEC6C52B45950800BD3BC6 /* ViewController.swift */ = {isa = PBXFileReference; lastKnownFileType = sourcecode.swift; path = ViewController.swift; sourceTree = "<group>"; };
		C6FEC6C82B45950800BD3BC6 /* Base */ = {isa = PBXFileReference; lastKnownFileType = file.storyboard; name = Base; path = Base.lproj/Main.storyboard; sourceTree = "<group>"; };
		C6FEC6CA2B45950900BD3BC6 /* Assets.xcassets */ = {isa = PBXFileReference; lastKnownFileType = folder.assetcatalog; path = Assets.xcassets; sourceTree = "<group>"; };
		C6FEC6CD2B45950900BD3BC6 /* Base */ = {isa = PBXFileReference; lastKnownFileType = file.storyboard; name = Base; path = Base.lproj/LaunchScreen.storyboard; sourceTree = "<group>"; };
		C6FEC6CF2B45950900BD3BC6 /* Info.plist */ = {isa = PBXFileReference; lastKnownFileType = text.plist.xml; path = Info.plist; sourceTree = "<group>"; };
		C6FEC6D42B45950A00BD3BC6 /* Notes-AppTests.xctest */ = {isa = PBXFileReference; explicitFileType = wrapper.cfbundle; includeInIndex = 0; path = "Notes-AppTests.xctest"; sourceTree = BUILT_PRODUCTS_DIR; };
		C6FEC6D82B45950A00BD3BC6 /* Notes_AppTests.swift */ = {isa = PBXFileReference; lastKnownFileType = sourcecode.swift; path = Notes_AppTests.swift; sourceTree = "<group>"; };
		C6FEC6DE2B45950A00BD3BC6 /* Notes-AppUITests.xctest */ = {isa = PBXFileReference; explicitFileType = wrapper.cfbundle; includeInIndex = 0; path = "Notes-AppUITests.xctest"; sourceTree = BUILT_PRODUCTS_DIR; };
		C6FEC6E22B45950A00BD3BC6 /* Notes_AppUITests.swift */ = {isa = PBXFileReference; lastKnownFileType = sourcecode.swift; path = Notes_AppUITests.swift; sourceTree = "<group>"; };
		C6FEC6E42B45950A00BD3BC6 /* Notes_AppUITestsLaunchTests.swift */ = {isa = PBXFileReference; lastKnownFileType = sourcecode.swift; path = Notes_AppUITestsLaunchTests.swift; sourceTree = "<group>"; };
		C6FEC6F42B468F4300BD3BC6 /* NoteModel.swift */ = {isa = PBXFileReference; lastKnownFileType = sourcecode.swift; path = NoteModel.swift; sourceTree = "<group>"; };
		C6FEC6F62B468F8100BD3BC6 /* NetworkService.swift */ = {isa = PBXFileReference; lastKnownFileType = sourcecode.swift; path = NetworkService.swift; sourceTree = "<group>"; };
		C6FEC6F82B46C41000BD3BC6 /* NoteUpdateViewController.swift */ = {isa = PBXFileReference; lastKnownFileType = sourcecode.swift; path = NoteUpdateViewController.swift; sourceTree = "<group>"; };
		C6FEC6FA2B47D10900BD3BC6 /* NotePrototypeCell.swift */ = {isa = PBXFileReference; lastKnownFileType = sourcecode.swift; path = NotePrototypeCell.swift; sourceTree = "<group>"; };
/* End PBXFileReference section */

/* Begin PBXFrameworksBuildPhase section */
		C6FEC6BB2B45950800BD3BC6 /* Frameworks */ = {
			isa = PBXFrameworksBuildPhase;
			buildActionMask = 2147483647;
			files = (
				C6FEC6F32B468EB400BD3BC6 /* Alamofire in Frameworks */,
			);
			runOnlyForDeploymentPostprocessing = 0;
		};
		C6FEC6D12B45950A00BD3BC6 /* Frameworks */ = {
			isa = PBXFrameworksBuildPhase;
			buildActionMask = 2147483647;
			files = (
			);
			runOnlyForDeploymentPostprocessing = 0;
		};
		C6FEC6DB2B45950A00BD3BC6 /* Frameworks */ = {
			isa = PBXFrameworksBuildPhase;
			buildActionMask = 2147483647;
			files = (
			);
			runOnlyForDeploymentPostprocessing = 0;
		};
/* End PBXFrameworksBuildPhase section */

/* Begin PBXGroup section */
		C6FEC6B52B45950800BD3BC6 = {
			isa = PBXGroup;
			children = (
				C6FEC6C02B45950800BD3BC6 /* Notes-App */,
				C6FEC6D72B45950A00BD3BC6 /* Notes-AppTests */,
				C6FEC6E12B45950A00BD3BC6 /* Notes-AppUITests */,
				C6FEC6BF2B45950800BD3BC6 /* Products */,
			);
			sourceTree = "<group>";
		};
		C6FEC6BF2B45950800BD3BC6 /* Products */ = {
			isa = PBXGroup;
			children = (
				C6FEC6BE2B45950800BD3BC6 /* Notes-App.app */,
				C6FEC6D42B45950A00BD3BC6 /* Notes-AppTests.xctest */,
				C6FEC6DE2B45950A00BD3BC6 /* Notes-AppUITests.xctest */,
			);
			name = Products;
			sourceTree = "<group>";
		};
		C6FEC6C02B45950800BD3BC6 /* Notes-App */ = {
			isa = PBXGroup;
			children = (
				C6FEC6C12B45950800BD3BC6 /* AppDelegate.swift */,
				C6FEC6C32B45950800BD3BC6 /* SceneDelegate.swift */,
				C6FEC6C52B45950800BD3BC6 /* ViewController.swift */,
				C6FEC6F82B46C41000BD3BC6 /* NoteUpdateViewController.swift */,
				C6FEC6FA2B47D10900BD3BC6 /* NotePrototypeCell.swift */,
				C6FEC6F42B468F4300BD3BC6 /* NoteModel.swift */,
				C6FEC6F62B468F8100BD3BC6 /* NetworkService.swift */,
				C6FEC6C72B45950800BD3BC6 /* Main.storyboard */,
				C6FEC6CA2B45950900BD3BC6 /* Assets.xcassets */,
				C6FEC6CC2B45950900BD3BC6 /* LaunchScreen.storyboard */,
				C6FEC6CF2B45950900BD3BC6 /* Info.plist */,
			);
			path = "Notes-App";
			sourceTree = "<group>";
		};
		C6FEC6D72B45950A00BD3BC6 /* Notes-AppTests */ = {
			isa = PBXGroup;
			children = (
				C6FEC6D82B45950A00BD3BC6 /* Notes_AppTests.swift */,
			);
			path = "Notes-AppTests";
			sourceTree = "<group>";
		};
		C6FEC6E12B45950A00BD3BC6 /* Notes-AppUITests */ = {
			isa = PBXGroup;
			children = (
				C6FEC6E22B45950A00BD3BC6 /* Notes_AppUITests.swift */,
				C6FEC6E42B45950A00BD3BC6 /* Notes_AppUITestsLaunchTests.swift */,
			);
			path = "Notes-AppUITests";
			sourceTree = "<group>";
		};
/* End PBXGroup section */

/* Begin PBXNativeTarget section */
		C6FEC6BD2B45950800BD3BC6 /* Notes-App */ = {
			isa = PBXNativeTarget;
			buildConfigurationList = C6FEC6E82B45950A00BD3BC6 /* Build configuration list for PBXNativeTarget "Notes-App" */;
			buildPhases = (
				C6FEC6BA2B45950800BD3BC6 /* Sources */,
				C6FEC6BB2B45950800BD3BC6 /* Frameworks */,
				C6FEC6BC2B45950800BD3BC6 /* Resources */,
			);
			buildRules = (
			);
			dependencies = (
			);
			name = "Notes-App";
			packageProductDependencies = (
				C6FEC6F22B468EB400BD3BC6 /* Alamofire */,
			);
			productName = "Notes-App";
			productReference = C6FEC6BE2B45950800BD3BC6 /* Notes-App.app */;
			productType = "com.apple.product-type.application";
		};
		C6FEC6D32B45950A00BD3BC6 /* Notes-AppTests */ = {
			isa = PBXNativeTarget;
			buildConfigurationList = C6FEC6EB2B45950A00BD3BC6 /* Build configuration list for PBXNativeTarget "Notes-AppTests" */;
			buildPhases = (
				C6FEC6D02B45950A00BD3BC6 /* Sources */,
				C6FEC6D12B45950A00BD3BC6 /* Frameworks */,
				C6FEC6D22B45950A00BD3BC6 /* Resources */,
			);
			buildRules = (
			);
			dependencies = (
				C6FEC6D62B45950A00BD3BC6 /* PBXTargetDependency */,
			);
			name = "Notes-AppTests";
			productName = "Notes-AppTests";
			productReference = C6FEC6D42B45950A00BD3BC6 /* Notes-AppTests.xctest */;
			productType = "com.apple.product-type.bundle.unit-test";
		};
		C6FEC6DD2B45950A00BD3BC6 /* Notes-AppUITests */ = {
			isa = PBXNativeTarget;
			buildConfigurationList = C6FEC6EE2B45950A00BD3BC6 /* Build configuration list for PBXNativeTarget "Notes-AppUITests" */;
			buildPhases = (
				C6FEC6DA2B45950A00BD3BC6 /* Sources */,
				C6FEC6DB2B45950A00BD3BC6 /* Frameworks */,
				C6FEC6DC2B45950A00BD3BC6 /* Resources */,
			);
			buildRules = (
			);
			dependencies = (
				C6FEC6E02B45950A00BD3BC6 /* PBXTargetDependency */,
			);
			name = "Notes-AppUITests";
			productName = "Notes-AppUITests";
			productReference = C6FEC6DE2B45950A00BD3BC6 /* Notes-AppUITests.xctest */;
			productType = "com.apple.product-type.bundle.ui-testing";
		};
/* End PBXNativeTarget section */

/* Begin PBXProject section */
		C6FEC6B62B45950800BD3BC6 /* Project object */ = {
			isa = PBXProject;
			attributes = {
				BuildIndependentTargetsInParallel = 1;
				LastSwiftUpdateCheck = 1500;
				LastUpgradeCheck = 1500;
				TargetAttributes = {
					C6FEC6BD2B45950800BD3BC6 = {
						CreatedOnToolsVersion = 15.0.1;
					};
					C6FEC6D32B45950A00BD3BC6 = {
						CreatedOnToolsVersion = 15.0.1;
						TestTargetID = C6FEC6BD2B45950800BD3BC6;
					};
					C6FEC6DD2B45950A00BD3BC6 = {
						CreatedOnToolsVersion = 15.0.1;
						TestTargetID = C6FEC6BD2B45950800BD3BC6;
					};
				};
			};
			buildConfigurationList = C6FEC6B92B45950800BD3BC6 /* Build configuration list for PBXProject "Notes-App" */;
			compatibilityVersion = "Xcode 14.0";
			developmentRegion = en;
			hasScannedForEncodings = 0;
			knownRegions = (
				en,
				Base,
			);
			mainGroup = C6FEC6B52B45950800BD3BC6;
			packageReferences = (
				C6FEC6F12B468EB400BD3BC6 /* XCRemoteSwiftPackageReference "Alamofire" */,
			);
			productRefGroup = C6FEC6BF2B45950800BD3BC6 /* Products */;
			projectDirPath = "";
			projectRoot = "";
			targets = (
				C6FEC6BD2B45950800BD3BC6 /* Notes-App */,
				C6FEC6D32B45950A00BD3BC6 /* Notes-AppTests */,
				C6FEC6DD2B45950A00BD3BC6 /* Notes-AppUITests */,
			);
		};
/* End PBXProject section */

/* Begin PBXResourcesBuildPhase section */
		C6FEC6BC2B45950800BD3BC6 /* Resources */ = {
			isa = PBXResourcesBuildPhase;
			buildActionMask = 2147483647;
			files = (
				C6FEC6CE2B45950900BD3BC6 /* LaunchScreen.storyboard in Resources */,
				C6FEC6CB2B45950900BD3BC6 /* Assets.xcassets in Resources */,
				C6FEC6C92B45950800BD3BC6 /* Main.storyboard in Resources */,
			);
			runOnlyForDeploymentPostprocessing = 0;
		};
		C6FEC6D22B45950A00BD3BC6 /* Resources */ = {
			isa = PBXResourcesBuildPhase;
			buildActionMask = 2147483647;
			files = (
			);
			runOnlyForDeploymentPostprocessing = 0;
		};
		C6FEC6DC2B45950A00BD3BC6 /* Resources */ = {
			isa = PBXResourcesBuildPhase;
			buildActionMask = 2147483647;
			files = (
			);
			runOnlyForDeploymentPostprocessing = 0;
		};
/* End PBXResourcesBuildPhase section */

/* Begin PBXSourcesBuildPhase section */
		C6FEC6BA2B45950800BD3BC6 /* Sources */ = {
			isa = PBXSourcesBuildPhase;
			buildActionMask = 2147483647;
			files = (
				C6FEC6F72B468F8100BD3BC6 /* NetworkService.swift in Sources */,
				C6FEC6C62B45950800BD3BC6 /* ViewController.swift in Sources */,
				C6FEC6F52B468F4300BD3BC6 /* NoteModel.swift in Sources */,
				C6FEC6FB2B47D10900BD3BC6 /* NotePrototypeCell.swift in Sources */,
				C6FEC6C22B45950800BD3BC6 /* AppDelegate.swift in Sources */,
				C6FEC6C42B45950800BD3BC6 /* SceneDelegate.swift in Sources */,
				C6FEC6F92B46C41000BD3BC6 /* NoteUpdateViewController.swift in Sources */,
			);
			runOnlyForDeploymentPostprocessing = 0;
		};
		C6FEC6D02B45950A00BD3BC6 /* Sources */ = {
			isa = PBXSourcesBuildPhase;
			buildActionMask = 2147483647;
			files = (
				C6FEC6D92B45950A00BD3BC6 /* Notes_AppTests.swift in Sources */,
			);
			runOnlyForDeploymentPostprocessing = 0;
		};
		C6FEC6DA2B45950A00BD3BC6 /* Sources */ = {
			isa = PBXSourcesBuildPhase;
			buildActionMask = 2147483647;
			files = (
				C6FEC6E52B45950A00BD3BC6 /* Notes_AppUITestsLaunchTests.swift in Sources */,
				C6FEC6E32B45950A00BD3BC6 /* Notes_AppUITests.swift in Sources */,
			);
			runOnlyForDeploymentPostprocessing = 0;
		};
/* End PBXSourcesBuildPhase section */

/* Begin PBXTargetDependency section */
		C6FEC6D62B45950A00BD3BC6 /* PBXTargetDependency */ = {
			isa = PBXTargetDependency;
			target = C6FEC6BD2B45950800BD3BC6 /* Notes-App */;
			targetProxy = C6FEC6D52B45950A00BD3BC6 /* PBXContainerItemProxy */;
		};
		C6FEC6E02B45950A00BD3BC6 /* PBXTargetDependency */ = {
			isa = PBXTargetDependency;
			target = C6FEC6BD2B45950800BD3BC6 /* Notes-App */;
			targetProxy = C6FEC6DF2B45950A00BD3BC6 /* PBXContainerItemProxy */;
		};
/* End PBXTargetDependency section */

/* Begin PBXVariantGroup section */
		C6FEC6C72B45950800BD3BC6 /* Main.storyboard */ = {
			isa = PBXVariantGroup;
			children = (
				C6FEC6C82B45950800BD3BC6 /* Base */,
			);
			name = Main.storyboard;
			sourceTree = "<group>";
		};
		C6FEC6CC2B45950900BD3BC6 /* LaunchScreen.storyboard */ = {
			isa = PBXVariantGroup;
			children = (
				C6FEC6CD2B45950900BD3BC6 /* Base */,
			);
			name = LaunchScreen.storyboard;
			sourceTree = "<group>";
		};
/* End PBXVariantGroup section */

/* Begin XCBuildConfiguration section */
		C6FEC6E62B45950A00BD3BC6 /* Debug */ = {
			isa = XCBuildConfiguration;
			buildSettings = {
				ALWAYS_SEARCH_USER_PATHS = NO;
				ASSETCATALOG_COMPILER_GENERATE_SWIFT_ASSET_SYMBOL_EXTENSIONS = YES;
				CLANG_ANALYZER_NONNULL = YES;
				CLANG_ANALYZER_NUMBER_OBJECT_CONVERSION = YES_AGGRESSIVE;
				CLANG_CXX_LANGUAGE_STANDARD = "gnu++20";
				CLANG_ENABLE_MODULES = YES;
				CLANG_ENABLE_OBJC_ARC = YES;
				CLANG_ENABLE_OBJC_WEAK = YES;
				CLANG_WARN_BLOCK_CAPTURE_AUTORELEASING = YES;
				CLANG_WARN_BOOL_CONVERSION = YES;
				CLANG_WARN_COMMA = YES;
				CLANG_WARN_CONSTANT_CONVERSION = YES;
				CLANG_WARN_DEPRECATED_OBJC_IMPLEMENTATIONS = YES;
				CLANG_WARN_DIRECT_OBJC_ISA_USAGE = YES_ERROR;
				CLANG_WARN_DOCUMENTATION_COMMENTS = YES;
				CLANG_WARN_EMPTY_BODY = YES;
				CLANG_WARN_ENUM_CONVERSION = YES;
				CLANG_WARN_INFINITE_RECURSION = YES;
				CLANG_WARN_INT_CONVERSION = YES;
				CLANG_WARN_NON_LITERAL_NULL_CONVERSION = YES;
				CLANG_WARN_OBJC_IMPLICIT_RETAIN_SELF = YES;
				CLANG_WARN_OBJC_LITERAL_CONVERSION = YES;
				CLANG_WARN_OBJC_ROOT_CLASS = YES_ERROR;
				CLANG_WARN_QUOTED_INCLUDE_IN_FRAMEWORK_HEADER = YES;
				CLANG_WARN_RANGE_LOOP_ANALYSIS = YES;
				CLANG_WARN_STRICT_PROTOTYPES = YES;
				CLANG_WARN_SUSPICIOUS_MOVE = YES;
				CLANG_WARN_UNGUARDED_AVAILABILITY = YES_AGGRESSIVE;
				CLANG_WARN_UNREACHABLE_CODE = YES;
				CLANG_WARN__DUPLICATE_METHOD_MATCH = YES;
				COPY_PHASE_STRIP = NO;
				DEBUG_INFORMATION_FORMAT = dwarf;
				ENABLE_STRICT_OBJC_MSGSEND = YES;
				ENABLE_TESTABILITY = YES;
				ENABLE_USER_SCRIPT_SANDBOXING = YES;
				GCC_C_LANGUAGE_STANDARD = gnu17;
				GCC_DYNAMIC_NO_PIC = NO;
				GCC_NO_COMMON_BLOCKS = YES;
				GCC_OPTIMIZATION_LEVEL = 0;
				GCC_PREPROCESSOR_DEFINITIONS = (
					"DEBUG=1",
					"$(inherited)",
				);
				GCC_WARN_64_TO_32_BIT_CONVERSION = YES;
				GCC_WARN_ABOUT_RETURN_TYPE = YES_ERROR;
				GCC_WARN_UNDECLARED_SELECTOR = YES;
				GCC_WARN_UNINITIALIZED_AUTOS = YES_AGGRESSIVE;
				GCC_WARN_UNUSED_FUNCTION = YES;
				GCC_WARN_UNUSED_VARIABLE = YES;
				IPHONEOS_DEPLOYMENT_TARGET = 17.0;
				LOCALIZATION_PREFERS_STRING_CATALOGS = YES;
				MTL_ENABLE_DEBUG_INFO = INCLUDE_SOURCE;
				MTL_FAST_MATH = YES;
				ONLY_ACTIVE_ARCH = YES;
				SDKROOT = iphoneos;
				SWIFT_ACTIVE_COMPILATION_CONDITIONS = "DEBUG $(inherited)";
				SWIFT_OPTIMIZATION_LEVEL = "-Onone";
			};
			name = Debug;
		};
		C6FEC6E72B45950A00BD3BC6 /* Release */ = {
			isa = XCBuildConfiguration;
			buildSettings = {
				ALWAYS_SEARCH_USER_PATHS = NO;
				ASSETCATALOG_COMPILER_GENERATE_SWIFT_ASSET_SYMBOL_EXTENSIONS = YES;
				CLANG_ANALYZER_NONNULL = YES;
				CLANG_ANALYZER_NUMBER_OBJECT_CONVERSION = YES_AGGRESSIVE;
				CLANG_CXX_LANGUAGE_STANDARD = "gnu++20";
				CLANG_ENABLE_MODULES = YES;
				CLANG_ENABLE_OBJC_ARC = YES;
				CLANG_ENABLE_OBJC_WEAK = YES;
				CLANG_WARN_BLOCK_CAPTURE_AUTORELEASING = YES;
				CLANG_WARN_BOOL_CONVERSION = YES;
				CLANG_WARN_COMMA = YES;
				CLANG_WARN_CONSTANT_CONVERSION = YES;
				CLANG_WARN_DEPRECATED_OBJC_IMPLEMENTATIONS = YES;
				CLANG_WARN_DIRECT_OBJC_ISA_USAGE = YES_ERROR;
				CLANG_WARN_DOCUMENTATION_COMMENTS = YES;
				CLANG_WARN_EMPTY_BODY = YES;
				CLANG_WARN_ENUM_CONVERSION = YES;
				CLANG_WARN_INFINITE_RECURSION = YES;
				CLANG_WARN_INT_CONVERSION = YES;
				CLANG_WARN_NON_LITERAL_NULL_CONVERSION = YES;
				CLANG_WARN_OBJC_IMPLICIT_RETAIN_SELF = YES;
				CLANG_WARN_OBJC_LITERAL_CONVERSION = YES;
				CLANG_WARN_OBJC_ROOT_CLASS = YES_ERROR;
				CLANG_WARN_QUOTED_INCLUDE_IN_FRAMEWORK_HEADER = YES;
				CLANG_WARN_RANGE_LOOP_ANALYSIS = YES;
				CLANG_WARN_STRICT_PROTOTYPES = YES;
				CLANG_WARN_SUSPICIOUS_MOVE = YES;
				CLANG_WARN_UNGUARDED_AVAILABILITY = YES_AGGRESSIVE;
				CLANG_WARN_UNREACHABLE_CODE = YES;
				CLANG_WARN__DUPLICATE_METHOD_MATCH = YES;
				COPY_PHASE_STRIP = NO;
				DEBUG_INFORMATION_FORMAT = "dwarf-with-dsym";
				ENABLE_NS_ASSERTIONS = NO;
				ENABLE_STRICT_OBJC_MSGSEND = YES;
				ENABLE_USER_SCRIPT_SANDBOXING = YES;
				GCC_C_LANGUAGE_STANDARD = gnu17;
				GCC_NO_COMMON_BLOCKS = YES;
				GCC_WARN_64_TO_32_BIT_CONVERSION = YES;
				GCC_WARN_ABOUT_RETURN_TYPE = YES_ERROR;
				GCC_WARN_UNDECLARED_SELECTOR = YES;
				GCC_WARN_UNINITIALIZED_AUTOS = YES_AGGRESSIVE;
				GCC_WARN_UNUSED_FUNCTION = YES;
				GCC_WARN_UNUSED_VARIABLE = YES;
				IPHONEOS_DEPLOYMENT_TARGET = 17.0;
				LOCALIZATION_PREFERS_STRING_CATALOGS = YES;
				MTL_ENABLE_DEBUG_INFO = NO;
				MTL_FAST_MATH = YES;
				SDKROOT = iphoneos;
				SWIFT_COMPILATION_MODE = wholemodule;
				VALIDATE_PRODUCT = YES;
			};
			name = Release;
		};
		C6FEC6E92B45950A00BD3BC6 /* Debug */ = {
			isa = XCBuildConfiguration;
			buildSettings = {
				ASSETCATALOG_COMPILER_APPICON_NAME = AppIcon;
				ASSETCATALOG_COMPILER_GLOBAL_ACCENT_COLOR_NAME = AccentColor;
				CODE_SIGN_STYLE = Automatic;
				CURRENT_PROJECT_VERSION = 1;
				GENERATE_INFOPLIST_FILE = YES;
				INFOPLIST_FILE = "Notes-App/Info.plist";
				INFOPLIST_KEY_UIApplicationSupportsIndirectInputEvents = YES;
				INFOPLIST_KEY_UILaunchStoryboardName = LaunchScreen;
				INFOPLIST_KEY_UIMainStoryboardFile = Main;
				INFOPLIST_KEY_UISupportedInterfaceOrientations_iPad = "UIInterfaceOrientationPortrait UIInterfaceOrientationPortraitUpsideDown UIInterfaceOrientationLandscapeLeft UIInterfaceOrientationLandscapeRight";
				INFOPLIST_KEY_UISupportedInterfaceOrientations_iPhone = "UIInterfaceOrientationPortrait UIInterfaceOrientationLandscapeLeft UIInterfaceOrientationLandscapeRight";
				LD_RUNPATH_SEARCH_PATHS = (
					"$(inherited)",
					"@executable_path/Frameworks",
				);
				MARKETING_VERSION = 1.0;
				PRODUCT_BUNDLE_IDENTIFIER = "com.uv.Notes-App";
				PRODUCT_NAME = "$(TARGET_NAME)";
				SWIFT_EMIT_LOC_STRINGS = YES;
				SWIFT_VERSION = 5.0;
				TARGETED_DEVICE_FAMILY = "1,2";
			};
			name = Debug;
		};
		C6FEC6EA2B45950A00BD3BC6 /* Release */ = {
			isa = XCBuildConfiguration;
			buildSettings = {
				ASSETCATALOG_COMPILER_APPICON_NAME = AppIcon;
				ASSETCATALOG_COMPILER_GLOBAL_ACCENT_COLOR_NAME = AccentColor;
				CODE_SIGN_STYLE = Automatic;
				CURRENT_PROJECT_VERSION = 1;
				GENERATE_INFOPLIST_FILE = YES;
				INFOPLIST_FILE = "Notes-App/Info.plist";
				INFOPLIST_KEY_UIApplicationSupportsIndirectInputEvents = YES;
				INFOPLIST_KEY_UILaunchStoryboardName = LaunchScreen;
				INFOPLIST_KEY_UIMainStoryboardFile = Main;
				INFOPLIST_KEY_UISupportedInterfaceOrientations_iPad = "UIInterfaceOrientationPortrait UIInterfaceOrientationPortraitUpsideDown UIInterfaceOrientationLandscapeLeft UIInterfaceOrientationLandscapeRight";
				INFOPLIST_KEY_UISupportedInterfaceOrientations_iPhone = "UIInterfaceOrientationPortrait UIInterfaceOrientationLandscapeLeft UIInterfaceOrientationLandscapeRight";
				LD_RUNPATH_SEARCH_PATHS = (
					"$(inherited)",
					"@executable_path/Frameworks",
				);
				MARKETING_VERSION = 1.0;
				PRODUCT_BUNDLE_IDENTIFIER = "com.uv.Notes-App";
				PRODUCT_NAME = "$(TARGET_NAME)";
				SWIFT_EMIT_LOC_STRINGS = YES;
				SWIFT_VERSION = 5.0;
				TARGETED_DEVICE_FAMILY = "1,2";
			};
			name = Release;
		};
		C6FEC6EC2B45950A00BD3BC6 /* Debug */ = {
			isa = XCBuildConfiguration;
			buildSettings = {
				ALWAYS_EMBED_SWIFT_STANDARD_LIBRARIES = YES;
				BUNDLE_LOADER = "$(TEST_HOST)";
				CODE_SIGN_STYLE = Automatic;
				CURRENT_PROJECT_VERSION = 1;
				GENERATE_INFOPLIST_FILE = YES;
				IPHONEOS_DEPLOYMENT_TARGET = 17.0;
				MARKETING_VERSION = 1.0;
				PRODUCT_BUNDLE_IDENTIFIER = "com.uv.Notes-AppTests";
				PRODUCT_NAME = "$(TARGET_NAME)";
				SWIFT_EMIT_LOC_STRINGS = NO;
				SWIFT_VERSION = 5.0;
				TARGETED_DEVICE_FAMILY = "1,2";
				TEST_HOST = "$(BUILT_PRODUCTS_DIR)/Notes-App.app/$(BUNDLE_EXECUTABLE_FOLDER_PATH)/Notes-App";
			};
			name = Debug;
		};
		C6FEC6ED2B45950A00BD3BC6 /* Release */ = {
			isa = XCBuildConfiguration;
			buildSettings = {
				ALWAYS_EMBED_SWIFT_STANDARD_LIBRARIES = YES;
				BUNDLE_LOADER = "$(TEST_HOST)";
				CODE_SIGN_STYLE = Automatic;
				CURRENT_PROJECT_VERSION = 1;
				GENERATE_INFOPLIST_FILE = YES;
				IPHONEOS_DEPLOYMENT_TARGET = 17.0;
				MARKETING_VERSION = 1.0;
				PRODUCT_BUNDLE_IDENTIFIER = "com.uv.Notes-AppTests";
				PRODUCT_NAME = "$(TARGET_NAME)";
				SWIFT_EMIT_LOC_STRINGS = NO;
				SWIFT_VERSION = 5.0;
				TARGETED_DEVICE_FAMILY = "1,2";
				TEST_HOST = "$(BUILT_PRODUCTS_DIR)/Notes-App.app/$(BUNDLE_EXECUTABLE_FOLDER_PATH)/Notes-App";
			};
			name = Release;
		};
		C6FEC6EF2B45950A00BD3BC6 /* Debug */ = {
			isa = XCBuildConfiguration;
			buildSettings = {
				ALWAYS_EMBED_SWIFT_STANDARD_LIBRARIES = YES;
				CODE_SIGN_STYLE = Automatic;
				CURRENT_PROJECT_VERSION = 1;
				GENERATE_INFOPLIST_FILE = YES;
				MARKETING_VERSION = 1.0;
				PRODUCT_BUNDLE_IDENTIFIER = "com.uv.Notes-AppUITests";
				PRODUCT_NAME = "$(TARGET_NAME)";
				SWIFT_EMIT_LOC_STRINGS = NO;
				SWIFT_VERSION = 5.0;
				TARGETED_DEVICE_FAMILY = "1,2";
				TEST_TARGET_NAME = "Notes-App";
			};
			name = Debug;
		};
		C6FEC6F02B45950A00BD3BC6 /* Release */ = {
			isa = XCBuildConfiguration;
			buildSettings = {
				ALWAYS_EMBED_SWIFT_STANDARD_LIBRARIES = YES;
				CODE_SIGN_STYLE = Automatic;
				CURRENT_PROJECT_VERSION = 1;
				GENERATE_INFOPLIST_FILE = YES;
				MARKETING_VERSION = 1.0;
				PRODUCT_BUNDLE_IDENTIFIER = "com.uv.Notes-AppUITests";
				PRODUCT_NAME = "$(TARGET_NAME)";
				SWIFT_EMIT_LOC_STRINGS = NO;
				SWIFT_VERSION = 5.0;
				TARGETED_DEVICE_FAMILY = "1,2";
				TEST_TARGET_NAME = "Notes-App";
			};
			name = Release;
		};
/* End XCBuildConfiguration section */

/* Begin XCConfigurationList section */
		C6FEC6B92B45950800BD3BC6 /* Build configuration list for PBXProject "Notes-App" */ = {
			isa = XCConfigurationList;
			buildConfigurations = (
				C6FEC6E62B45950A00BD3BC6 /* Debug */,
				C6FEC6E72B45950A00BD3BC6 /* Release */,
			);
			defaultConfigurationIsVisible = 0;
			defaultConfigurationName = Release;
		};
		C6FEC6E82B45950A00BD3BC6 /* Build configuration list for PBXNativeTarget "Notes-App" */ = {
			isa = XCConfigurationList;
			buildConfigurations = (
				C6FEC6E92B45950A00BD3BC6 /* Debug */,
				C6FEC6EA2B45950A00BD3BC6 /* Release */,
			);
			defaultConfigurationIsVisible = 0;
			defaultConfigurationName = Release;
		};
		C6FEC6EB2B45950A00BD3BC6 /* Build configuration list for PBXNativeTarget "Notes-AppTests" */ = {
			isa = XCConfigurationList;
			buildConfigurations = (
				C6FEC6EC2B45950A00BD3BC6 /* Debug */,
				C6FEC6ED2B45950A00BD3BC6 /* Release */,
			);
			defaultConfigurationIsVisible = 0;
			defaultConfigurationName = Release;
		};
		C6FEC6EE2B45950A00BD3BC6 /* Build configuration list for PBXNativeTarget "Notes-AppUITests" */ = {
			isa = XCConfigurationList;
			buildConfigurations = (
				C6FEC6EF2B45950A00BD3BC6 /* Debug */,
				C6FEC6F02B45950A00BD3BC6 /* Release */,
			);
			defaultConfigurationIsVisible = 0;
			defaultConfigurationName = Release;
		};
/* End XCConfigurationList section */

/* Begin XCRemoteSwiftPackageReference section */
		C6FEC6F12B468EB400BD3BC6 /* XCRemoteSwiftPackageReference "Alamofire" */ = {
			isa = XCRemoteSwiftPackageReference;
			repositoryURL = "https://github.com/Alamofire/Alamofire";
			requirement = {
				kind = upToNextMajorVersion;
				minimumVersion = 5.8.1;
			};
		};
/* End XCRemoteSwiftPackageReference section */

/* Begin XCSwiftPackageProductDependency section */
		C6FEC6F22B468EB400BD3BC6 /* Alamofire */ = {
			isa = XCSwiftPackageProductDependency;
			package = C6FEC6F12B468EB400BD3BC6 /* XCRemoteSwiftPackageReference "Alamofire" */;
			productName = Alamofire;
		};
/* End XCSwiftPackageProductDependency section */
	};
	rootObject = C6FEC6B62B45950800BD3BC6 /* Project object */;
}
